github.com/ralvarezdev/tinygo-buffers v0.1.0 h1:l+Z9sVYMRcDLOHwQZiWlj/TRNxJ5boSzTcml+tBm4y8=
github.com/ralvarezdev/tinygo-buffers v0.1.0/go.mod h1:W99pKwEDSEqhv7sPrqOlAhi9fAPGVYJMI2HBmZ5Mq3U=
github.com/ralvarezdev/tinygo-logger v0.0.6 h1:XfLEgwsIB6C0O3AN0J/E9qV1MOAWCwIl0ZxHbjPI9H4=
github.com/ralvarezdev/tinygo-logger v0.0.6/go.mod h1:5gBKBNjEXW9MQS9731pmD5ltAZrDYkM/sYmTQPpjJBk=
github.com/ralvarezdev/tinygo-types v0.0.3 h1:h8ogOD2lOVxR+w5i6o+v/8qTROFA2KBjVXBM7NT3SMc=
github.com/ralvarezdev/tinygo-types v0.0.3/go.mod h1:2u3ApwAtIqGZ6wDsmUYt44bIk1DEn06INNjtfWndCr4=
tinygo.org/x/drivers v0.33.0 h1:5r8Ab0IxjWQi7LzYLNWpya6U4nedo9ZtxeMaAzrJTG8=
tinygo.org/x/drivers v0.33.0/go.mod h1:ZdErNrApSABdVXjA1RejD67R8SNRI6RKVfYgQDZtKtk=
