github.com/ralvarezdev/tinygo-buffers v0.0.3 h1:KQJ9tg24PMr6RFjPkdf78WEzQ2cRG6NR7JQCqRns1N4=
github.com/ralvarezdev/tinygo-buffers v0.0.3/go.mod h1:sP4ilzeozqemPX/4dqMmnAKq61ys0qs89XITGab03BA=
github.com/ralvarezdev/tinygo-logger v0.0.3 h1:jd4a2JMf0orZPzz8upnVLKaNEWK+3SpYCwa0vnVl+Vo=
github.com/ralvarezdev/tinygo-logger v0.0.3/go.mod h1:jS3shtdAG0nJzVMys4IWhD2YiSAZQ8/PU1oYoZwA5+w=
github.com/ralvarezdev/tinygo-types v0.0.3 h1:h8ogOD2lOVxR+w5i6o+v/8qTROFA2KBjVXBM7NT3SMc=
github.com/ralvarezdev/tinygo-types v0.0.3/go.mod h1:2u3ApwAtIqGZ6wDsmUYt44bIk1DEn06INNjtfWndCr4=
